// !$*UTF8*$!
{
	archiveVersion = 1;
	classes = {
	};
	objectVersion = 56;
	objects = {

/* Begin PBXBuildFile section */
		15411774C6A85B958F8E8203 /* WhisperAudio.swift in Sources */ = {isa = PBXBuildFile; fileRef = 1639DC5A7CBB492B9DE5F2AD /* WhisperAudio.swift */; };
		21FC5E44642C4756703D9C90 /* WhisperDecoder.swift in Sources */ = {isa = PBXBuildFile; fileRef = 571AB1133F353570AFEBD0FB /* WhisperDecoder.swift */; };
		23A218F422D6B64281F9DF5D /* MLXRandom in Frameworks */ = {isa = PBXBuildFile; productRef = 33745B1592517CCC56D466CB /* MLXRandom */; };
		275C52482F6EBF9300AF3541 /* MLXEmbedders in Frameworks */ = {isa = PBXBuildFile; productRef = 275C52472F6EBF9300AF3541 /* MLXEmbedders */; };
		275C524A2F6EBF9300AF3541 /* MLXLLM in Frameworks */ = {isa = PBXBuildFile; productRef = 275C52492F6EBF9300AF3541 /* MLXLLM */; };
		275C524C2F6EBF9300AF3541 /* MLXLMCommon in Frameworks */ = {isa = PBXBuildFile; productRef = 275C524B2F6EBF9300AF3541 /* MLXLMCommon */; };
		275C524E2F6EBF9300AF3541 /* MLXMNIST in Frameworks */ = {isa = PBXBuildFile; productRef = 275C524D2F6EBF9300AF3541 /* MLXMNIST */; };
		275C52502F6EBF9300AF3541 /* MLXVLM in Frameworks */ = {isa = PBXBuildFile; productRef = 275C524F2F6EBF9300AF3541 /* MLXVLM */; };
		275C52522F6EC6CE00AF3541 /* MLXSwiftEngine.swift in Sources */ = {isa = PBXBuildFile; fileRef = 275C52512F6EC6CE00AF3541 /* MLXSwiftEngine.swift */; };
		3E021B2A14CDE1919DDB0412 /* MLXNN in Frameworks */ = {isa = PBXBuildFile; productRef = AAEA1E451AB2CA1194FD1225 /* MLXNN */; };
		4F1C2E51E2A3622A2F2D7F38 /* Transformers in Frameworks */ = {isa = PBXBuildFile; productRef = 2D6C6E12DBC53A0D10C6B05C /* Transformers */; };
		8B1EB5ECD7F8F14E5BEAEDAA /* MLXFast in Frameworks */ = {isa = PBXBuildFile; productRef = F7784328F624698C39AD20C2 /* MLXFast */; };
		8B59B1D0425A2020FCAF5AD9 /* WhisperModel.swift in Sources */ = {isa = PBXBuildFile; fileRef = DD7575C171E9112E6F63B7A9 /* WhisperModel.swift */; };
		90187D738F58266106C4804F /* WhisperTokenizer.swift in Sources */ = {isa = PBXBuildFile; fileRef = 0AF3E069D016DA9BCC8E2468 /* WhisperTokenizer.swift */; };
		A0000001 /* DeviceInfo.swift in Sources */ = {isa = PBXBuildFile; fileRef = A0000002 /* DeviceInfo.swift */; };
		A0000003 /* NativeDiscovery.swift in Sources */ = {isa = PBXBuildFile; fileRef = A0000004 /* NativeDiscovery.swift */; };
		A1000001 /* App.swift in Sources */ = {isa = PBXBuildFile; fileRef = A2000001 /* App.swift */; };
		A1000002 /* ContentView.swift in Sources */ = {isa = PBXBuildFile; fileRef = A2000002 /* ContentView.swift */; };
		A1000003 /* libtentaflow_mobile.a in Frameworks */ = {isa = PBXBuildFile; fileRef = A2000003 /* libtentaflow_mobile.a */; };
		A1000004 /* Assets.xcassets in Resources */ = {isa = PBXBuildFile; fileRef = A2000004 /* Assets.xcassets */; };
		ACDAE2B27538BDC68BD49BE7 /* WhisperEngine.swift in Sources */ = {isa = PBXBuildFile; fileRef = 6FF1F1B0AE2CC24E493179EC /* WhisperEngine.swift */; };
		D2942AA34CCC4E85F41229DE /* WhisperLoader.swift in Sources */ = {isa = PBXBuildFile; fileRef = 2E2BF368B5697E31775093F6 /* WhisperLoader.swift */; };
		D84385F8D8DC1FC7B110FD46 /* WhisperConfig.swift in Sources */ = {isa = PBXBuildFile; fileRef = AF27372E3CE0E9A08BCC3F52 /* WhisperConfig.swift */; };
		EE761ADA29EC7F9DF9F2B066 /* MLXFFT in Frameworks */ = {isa = PBXBuildFile; productRef = 6CDD0465CA0FD0D9425608F2 /* MLXFFT */; };
/* End PBXBuildFile section */

/* Begin PBXFileReference section */
		0AF3E069D016DA9BCC8E2468 /* WhisperTokenizer.swift */ = {isa = PBXFileReference; includeInIndex = 1; lastKnownFileType = sourcecode.swift; path = WhisperTokenizer.swift; sourceTree = "<group>"; };
		1639DC5A7CBB492B9DE5F2AD /* WhisperAudio.swift */ = {isa = PBXFileReference; includeInIndex = 1; lastKnownFileType = sourcecode.swift; path = WhisperAudio.swift; sourceTree = "<group>"; };
		275C52512F6EC6CE00AF3541 /* MLXSwiftEngine.swift */ = {isa = PBXFileReference; lastKnownFileType = sourcecode.swift; path = MLXSwiftEngine.swift; sourceTree = "<group>"; };
		2E2BF368B5697E31775093F6 /* WhisperLoader.swift */ = {isa = PBXFileReference; includeInIndex = 1; lastKnownFileType = sourcecode.swift; path = WhisperLoader.swift; sourceTree = "<group>"; };
		571AB1133F353570AFEBD0FB /* WhisperDecoder.swift */ = {isa = PBXFileReference; includeInIndex = 1; lastKnownFileType = sourcecode.swift; path = WhisperDecoder.swift; sourceTree = "<group>"; };
		6FF1F1B0AE2CC24E493179EC /* WhisperEngine.swift */ = {isa = PBXFileReference; includeInIndex = 1; lastKnownFileType = sourcecode.swift; path = WhisperEngine.swift; sourceTree = "<group>"; };
		A0000002 /* DeviceInfo.swift */ = {isa = PBXFileReference; lastKnownFileType = sourcecode.swift; path = DeviceInfo.swift; sourceTree = "<group>"; };
		A0000004 /* NativeDiscovery.swift */ = {isa = PBXFileReference; lastKnownFileType = sourcecode.swift; path = NativeDiscovery.swift; sourceTree = "<group>"; };
		A2000001 /* App.swift */ = {isa = PBXFileReference; lastKnownFileType = sourcecode.swift; path = App.swift; sourceTree = "<group>"; };
		A2000002 /* ContentView.swift */ = {isa = PBXFileReference; lastKnownFileType = sourcecode.swift; path = ContentView.swift; sourceTree = "<group>"; };
		A2000003 /* libtentaflow_mobile.a */ = {isa = PBXFileReference; lastKnownFileType = archive.ar; path = libtentaflow_mobile.a; sourceTree = "<group>"; };
		A2000004 /* Assets.xcassets */ = {isa = PBXFileReference; lastKnownFileType = folder.assetcatalog; path = Assets.xcassets; sourceTree = "<group>"; };
		A2000005 /* Info.plist */ = {isa = PBXFileReference; lastKnownFileType = text.plist.xml; path = Info.plist; sourceTree = "<group>"; };
		A2000006 /* TentaFlowAI-Bridging-Header.h */ = {isa = PBXFileReference; lastKnownFileType = sourcecode.c.h; path = "TentaFlowAI-Bridging-Header.h"; sourceTree = "<group>"; };
		A2000010 /* TentaFlowAI.app */ = {isa = PBXFileReference; explicitFileType = wrapper.application; includeInIndex = 0; path = TentaFlowAI.app; sourceTree = BUILT_PRODUCTS_DIR; };
		AF27372E3CE0E9A08BCC3F52 /* WhisperConfig.swift */ = {isa = PBXFileReference; includeInIndex = 1; lastKnownFileType = sourcecode.swift; path = WhisperConfig.swift; sourceTree = "<group>"; };
		DD7575C171E9112E6F63B7A9 /* WhisperModel.swift */ = {isa = PBXFileReference; includeInIndex = 1; lastKnownFileType = sourcecode.swift; path = WhisperModel.swift; sourceTree = "<group>"; };
/* End PBXFileReference section */

/* Begin PBXFrameworksBuildPhase section */
		A3000001 /* Frameworks */ = {
			isa = PBXFrameworksBuildPhase;
			buildActionMask = 2147483647;
			files = (
				275C524A2F6EBF9300AF3541 /* MLXLLM in Frameworks */,
				275C524E2F6EBF9300AF3541 /* MLXMNIST in Frameworks */,
				275C52502F6EBF9300AF3541 /* MLXVLM in Frameworks */,
				275C52482F6EBF9300AF3541 /* MLXEmbedders in Frameworks */,
				275C524C2F6EBF9300AF3541 /* MLXLMCommon in Frameworks */,
				A1000003 /* libtentaflow_mobile.a in Frameworks */,
				3E021B2A14CDE1919DDB0412 /* MLXNN in Frameworks */,
				EE761ADA29EC7F9DF9F2B066 /* MLXFFT in Frameworks */,
				8B1EB5ECD7F8F14E5BEAEDAA /* MLXFast in Frameworks */,
				23A218F422D6B64281F9DF5D /* MLXRandom in Frameworks */,
				4F1C2E51E2A3622A2F2D7F38 /* Transformers in Frameworks */,
			);
			runOnlyForDeploymentPostprocessing = 0;
		};
/* End PBXFrameworksBuildPhase section */

/* Begin PBXGroup section */
		A4000001 = {
			isa = PBXGroup;
			children = (
				A4000002 /* TentaFlowAI */,
				A4000003 /* Products */,
				A4000004 /* Frameworks */,
			);
			sourceTree = "<group>";
		};
		A4000002 /* TentaFlowAI */ = {
			isa = PBXGroup;
			children = (
				275C52512F6EC6CE00AF3541 /* MLXSwiftEngine.swift */,
				A0000002 /* DeviceInfo.swift */,
				A0000004 /* NativeDiscovery.swift */,
				A2000001 /* App.swift */,
				A2000002 /* ContentView.swift */,
				A2000004 /* Assets.xcassets */,
				A2000005 /* Info.plist */,
				A2000006 /* TentaFlowAI-Bridging-Header.h */,
				EBE3A1DEF5510D79FEEB7552 /* Whisper */,
			);
			path = TentaFlowAI;
			sourceTree = "<group>";
		};
		A4000003 /* Products */ = {
			isa = PBXGroup;
			children = (
				A2000010 /* TentaFlowAI.app */,
			);
			name = Products;
			sourceTree = "<group>";
		};
		A4000004 /* Frameworks */ = {
			isa = PBXGroup;
			children = (
				A2000003 /* libtentaflow_mobile.a */,
			);
			name = Frameworks;
			sourceTree = "<group>";
		};
		EBE3A1DEF5510D79FEEB7552 /* Whisper */ = {
			isa = PBXGroup;
			children = (
				AF27372E3CE0E9A08BCC3F52 /* WhisperConfig.swift */,
				DD7575C171E9112E6F63B7A9 /* WhisperModel.swift */,
				2E2BF368B5697E31775093F6 /* WhisperLoader.swift */,
				1639DC5A7CBB492B9DE5F2AD /* WhisperAudio.swift */,
				0AF3E069D016DA9BCC8E2468 /* WhisperTokenizer.swift */,
				571AB1133F353570AFEBD0FB /* WhisperDecoder.swift */,
				6FF1F1B0AE2CC24E493179EC /* WhisperEngine.swift */,
			);
			name = Whisper;
			path = Whisper;
			sourceTree = "<group>";
		};
/* End PBXGroup section */

/* Begin PBXNativeTarget section */
		A5000001 /* TentaFlowAI */ = {
			isa = PBXNativeTarget;
			buildConfigurationList = A7000001 /* Build configuration list for PBXNativeTarget "TentaFlowAI" */;
			buildPhases = (
				A8000001 /* Sources */,
				A3000001 /* Frameworks */,
				A9000001 /* Resources */,
			);
			buildRules = (
			);
			dependencies = (
			);
			name = TentaFlowAI;
			packageProductDependencies = (
				AAEA1E451AB2CA1194FD1225 /* MLXNN */,
				6CDD0465CA0FD0D9425608F2 /* MLXFFT */,
				F7784328F624698C39AD20C2 /* MLXFast */,
				33745B1592517CCC56D466CB /* MLXRandom */,
				2D6C6E12DBC53A0D10C6B05C /* Transformers */,
			);
			productName = TentaFlowAI;
			productReference = A2000010 /* TentaFlowAI.app */;
			productType = "com.apple.product-type.application";
		};
/* End PBXNativeTarget section */

/* Begin PBXProject section */
		A6000001 /* Project object */ = {
			isa = PBXProject;
			attributes = {
				BuildIndependentTargetsInParallel = 1;
				LastSwiftUpdateCheck = 1540;
				LastUpgradeCheck = 1540;
			};
			buildConfigurationList = A7000002 /* Build configuration list for PBXProject "TentaFlowAI" */;
			compatibilityVersion = "Xcode 14.0";
			developmentRegion = en;
			hasScannedForEncodings = 0;
			knownRegions = (
				en,
				Base,
				pl,
			);
			mainGroup = A4000001;
			packageReferences = (
				275C52462F6EBF9300AF3541 /* XCRemoteSwiftPackageReference "mlx-swift-examples" */,
			);
			productRefGroup = A4000003 /* Products */;
			projectDirPath = "";
			projectRoot = "";
			targets = (
				A5000001 /* TentaFlowAI */,
			);
		};
/* End PBXProject section */

/* Begin PBXResourcesBuildPhase section */
		A9000001 /* Resources */ = {
			isa = PBXResourcesBuildPhase;
			buildActionMask = 2147483647;
			files = (
				A1000004 /* Assets.xcassets in Resources */,
			);
			runOnlyForDeploymentPostprocessing = 0;
		};
/* End PBXResourcesBuildPhase section */

/* Begin PBXSourcesBuildPhase section */
		A8000001 /* Sources */ = {
			isa = PBXSourcesBuildPhase;
			buildActionMask = 2147483647;
			files = (
				A0000001 /* DeviceInfo.swift in Sources */,
				A0000003 /* NativeDiscovery.swift in Sources */,
				A1000001 /* App.swift in Sources */,
				275C52522F6EC6CE00AF3541 /* MLXSwiftEngine.swift in Sources */,
				A1000002 /* ContentView.swift in Sources */,
				D84385F8D8DC1FC7B110FD46 /* WhisperConfig.swift in Sources */,
				8B59B1D0425A2020FCAF5AD9 /* WhisperModel.swift in Sources */,
				D2942AA34CCC4E85F41229DE /* WhisperLoader.swift in Sources */,
				15411774C6A85B958F8E8203 /* WhisperAudio.swift in Sources */,
				90187D738F58266106C4804F /* WhisperTokenizer.swift in Sources */,
				21FC5E44642C4756703D9C90 /* WhisperDecoder.swift in Sources */,
				ACDAE2B27538BDC68BD49BE7 /* WhisperEngine.swift in Sources */,
			);
			runOnlyForDeploymentPostprocessing = 0;
		};
/* End PBXSourcesBuildPhase section */

/* Begin XCBuildConfiguration section */
		AB000001 /* Debug */ = {
			isa = XCBuildConfiguration;
			buildSettings = {
				ASSETCATALOG_COMPILER_APPICON_NAME = AppIcon;
				CODE_SIGN_STYLE = Automatic;
				CURRENT_PROJECT_VERSION = 1;
				DEVELOPMENT_TEAM = KZXD4ZWQ85;
				GENERATE_INFOPLIST_FILE = NO;
				INFOPLIST_FILE = TentaFlowAI/Info.plist;
				IPHONEOS_DEPLOYMENT_TARGET = 17.0;
				LD_RUNPATH_SEARCH_PATHS = (
					"$(inherited)",
					"@executable_path/Frameworks",
				);
				LIBRARY_SEARCH_PATHS = (
					"$(PROJECT_DIR)",
					"$(PROJECT_DIR)/../target/aarch64-apple-ios/debug",
					"$(PROJECT_DIR)/../target/aarch64-apple-ios/release",
					"$(TOOLCHAIN_DIR)/usr/lib/clang/21/lib/darwin",
				);
				MARKETING_VERSION = 0.1.0;
				OTHER_LDFLAGS = (
					"-ltentaflow_mobile",
					"-lc++",
					"-framework",
					Metal,
					"-framework",
					MetalKit,
					"-framework",
					MetalPerformanceShaders,
					"-framework",
					Accelerate,
					"-framework",
					CoreML,
					"-framework",
					Security,
					"-framework",
					SystemConfiguration,
					/Applications/Xcode.app/Contents/Developer/Toolchains/XcodeDefault.xctoolchain/usr/lib/clang/21/lib/darwin/libclang_rt.ios.a,
				);
				PRODUCT_BUNDLE_IDENTIFIER = ai.tentaflow.mobile;
				PRODUCT_NAME = "$(TARGET_NAME)";
				SUPPORTED_PLATFORMS = "iphoneos iphonesimulator";
				SWIFT_OBJC_BRIDGING_HEADER = "TentaFlowAI/TentaFlowAI-Bridging-Header.h";
				SWIFT_VERSION = 5.0;
				TARGETED_DEVICE_FAMILY = "1,2";
			};
			name = Debug;
		};
		AB000002 /* Release */ = {
			isa = XCBuildConfiguration;
			buildSettings = {
				ASSETCATALOG_COMPILER_APPICON_NAME = AppIcon;
				CODE_SIGN_STYLE = Automatic;
				CURRENT_PROJECT_VERSION = 1;
				DEVELOPMENT_TEAM = KZXD4ZWQ85;
				GENERATE_INFOPLIST_FILE = NO;
				INFOPLIST_FILE = TentaFlowAI/Info.plist;
				IPHONEOS_DEPLOYMENT_TARGET = 17.0;
				LD_RUNPATH_SEARCH_PATHS = (
					"$(inherited)",
					"@executable_path/Frameworks",
				);
				LIBRARY_SEARCH_PATHS = (
					"$(PROJECT_DIR)",
					"$(PROJECT_DIR)/../target/aarch64-apple-ios/debug",
					"$(PROJECT_DIR)/../target/aarch64-apple-ios/release",
					"$(TOOLCHAIN_DIR)/usr/lib/clang/21/lib/darwin",
				);
				MARKETING_VERSION = 0.1.0;
				OTHER_LDFLAGS = (
					"-ltentaflow_mobile",
					"-lc++",
					"-framework",
					Metal,
					"-framework",
					MetalKit,
					"-framework",
					MetalPerformanceShaders,
					"-framework",
					Accelerate,
					"-framework",
					CoreML,
					"-framework",
					Security,
					"-framework",
					SystemConfiguration,
					/Applications/Xcode.app/Contents/Developer/Toolchains/XcodeDefault.xctoolchain/usr/lib/clang/21/lib/darwin/libclang_rt.ios.a,
				);
				PRODUCT_BUNDLE_IDENTIFIER = ai.tentaflow.mobile;
				PRODUCT_NAME = "$(TARGET_NAME)";
				SUPPORTED_PLATFORMS = "iphoneos iphonesimulator";
				SWIFT_OBJC_BRIDGING_HEADER = "TentaFlowAI/TentaFlowAI-Bridging-Header.h";
				SWIFT_VERSION = 5.0;
				TARGETED_DEVICE_FAMILY = "1,2";
			};
			name = Release;
		};
		AC000001 /* Debug */ = {
			isa = XCBuildConfiguration;
			buildSettings = {
				ALWAYS_SEARCH_USER_PATHS = NO;
				CLANG_ANALYZER_NONNULL = YES;
				CLANG_CXX_LANGUAGE_STANDARD = "gnu++20";
				CLANG_ENABLE_MODULES = YES;
				CLANG_ENABLE_OBJC_ARC = YES;
				CODE_SIGN_STYLE = Automatic;
				COPY_PHASE_STRIP = NO;
				DEBUG_INFORMATION_FORMAT = dwarf;
				ENABLE_STRICT_OBJC_MSGSEND = YES;
				GCC_OPTIMIZATION_LEVEL = 0;
				GCC_WARN_UNINITIALIZED_AUTOS = YES;
				IPHONEOS_DEPLOYMENT_TARGET = 17.0;
				MTL_ENABLE_DEBUG_INFO = INCLUDE_SOURCE;
				ONLY_ACTIVE_ARCH = YES;
				SDKROOT = iphoneos;
				SWIFT_ACTIVE_COMPILATION_CONDITIONS = DEBUG;
				SWIFT_OPTIMIZATION_LEVEL = "-Onone";
			};
			name = Debug;
		};
		AC000002 /* Release */ = {
			isa = XCBuildConfiguration;
			buildSettings = {
				ALWAYS_SEARCH_USER_PATHS = NO;
				CLANG_ANALYZER_NONNULL = YES;
				CLANG_CXX_LANGUAGE_STANDARD = "gnu++20";
				CLANG_ENABLE_MODULES = YES;
				CLANG_ENABLE_OBJC_ARC = YES;
				CODE_SIGN_STYLE = Automatic;
				COPY_PHASE_STRIP = NO;
				DEBUG_INFORMATION_FORMAT = "dwarf-with-dsym";
				ENABLE_NS_ASSERTIONS = NO;
				ENABLE_STRICT_OBJC_MSGSEND = YES;
				GCC_WARN_UNINITIALIZED_AUTOS = YES;
				IPHONEOS_DEPLOYMENT_TARGET = 17.0;
				MTL_ENABLE_DEBUG_INFO = NO;
				SDKROOT = iphoneos;
				SWIFT_COMPILATION_MODE = wholemodule;
				SWIFT_OPTIMIZATION_LEVEL = "-O";
				VALIDATE_PRODUCT = YES;
			};
			name = Release;
		};
/* End XCBuildConfiguration section */

/* Begin XCConfigurationList section */
		A7000001 /* Build configuration list for PBXNativeTarget "TentaFlowAI" */ = {
			isa = XCConfigurationList;
			buildConfigurations = (
				AB000001 /* Debug */,
				AB000002 /* Release */,
			);
			defaultConfigurationIsVisible = 0;
			defaultConfigurationName = Release;
		};
		A7000002 /* Build configuration list for PBXProject "TentaFlowAI" */ = {
			isa = XCConfigurationList;
			buildConfigurations = (
				AC000001 /* Debug */,
				AC000002 /* Release */,
			);
			defaultConfigurationIsVisible = 0;
			defaultConfigurationName = Release;
		};
/* End XCConfigurationList section */

/* Begin XCRemoteSwiftPackageReference section */
		275C52462F6EBF9300AF3541 /* XCRemoteSwiftPackageReference "mlx-swift-examples" */ = {
			isa = XCRemoteSwiftPackageReference;
			repositoryURL = "https://github.com/ml-explore/mlx-swift-examples.git";
			requirement = {
				kind = upToNextMajorVersion;
				minimumVersion = 2.29.1;
			};
		};
/* End XCRemoteSwiftPackageReference section */

/* Begin XCSwiftPackageProductDependency section */
		275C52472F6EBF9300AF3541 /* MLXEmbedders */ = {
			isa = XCSwiftPackageProductDependency;
			package = 275C52462F6EBF9300AF3541 /* XCRemoteSwiftPackageReference "mlx-swift-examples" */;
			productName = MLXEmbedders;
		};
		275C52492F6EBF9300AF3541 /* MLXLLM */ = {
			isa = XCSwiftPackageProductDependency;
			package = 275C52462F6EBF9300AF3541 /* XCRemoteSwiftPackageReference "mlx-swift-examples" */;
			productName = MLXLLM;
		};
		275C524B2F6EBF9300AF3541 /* MLXLMCommon */ = {
			isa = XCSwiftPackageProductDependency;
			package = 275C52462F6EBF9300AF3541 /* XCRemoteSwiftPackageReference "mlx-swift-examples" */;
			productName = MLXLMCommon;
		};
		275C524D2F6EBF9300AF3541 /* MLXMNIST */ = {
			isa = XCSwiftPackageProductDependency;
			package = 275C52462F6EBF9300AF3541 /* XCRemoteSwiftPackageReference "mlx-swift-examples" */;
			productName = MLXMNIST;
		};
		275C524F2F6EBF9300AF3541 /* MLXVLM */ = {
			isa = XCSwiftPackageProductDependency;
			package = 275C52462F6EBF9300AF3541 /* XCRemoteSwiftPackageReference "mlx-swift-examples" */;
			productName = MLXVLM;
		};
		2D6C6E12DBC53A0D10C6B05C /* Transformers */ = {
			isa = XCSwiftPackageProductDependency;
			package = 275C52462F6EBF9300AF3541 /* XCRemoteSwiftPackageReference "mlx-swift-examples" */;
			productName = Transformers;
		};
		33745B1592517CCC56D466CB /* MLXRandom */ = {
			isa = XCSwiftPackageProductDependency;
			package = 275C52462F6EBF9300AF3541 /* XCRemoteSwiftPackageReference "mlx-swift-examples" */;
			productName = MLXRandom;
		};
		6CDD0465CA0FD0D9425608F2 /* MLXFFT */ = {
			isa = XCSwiftPackageProductDependency;
			package = 275C52462F6EBF9300AF3541 /* XCRemoteSwiftPackageReference "mlx-swift-examples" */;
			productName = MLXFFT;
		};
		AAEA1E451AB2CA1194FD1225 /* MLXNN */ = {
			isa = XCSwiftPackageProductDependency;
			package = 275C52462F6EBF9300AF3541 /* XCRemoteSwiftPackageReference "mlx-swift-examples" */;
			productName = MLXNN;
		};
		F7784328F624698C39AD20C2 /* MLXFast */ = {
			isa = XCSwiftPackageProductDependency;
			package = 275C52462F6EBF9300AF3541 /* XCRemoteSwiftPackageReference "mlx-swift-examples" */;
			productName = MLXFast;
		};
/* End XCSwiftPackageProductDependency section */
	};
	rootObject = A6000001 /* Project object */;
}
