// !$*UTF8*$!
{
	archiveVersion = 1;
	classes = {
	};
	objectVersion = 60;
	objects = {

/* Begin PBXBuildFile section */
		15411774C6A85B958F8E8203 /* WhisperAudio.swift in Sources */ = {isa = PBXBuildFile; fileRef = 1639DC5A7CBB492B9DE5F2AD /* WhisperAudio.swift */; };
		21FC5E44642C4756703D9C90 /* WhisperDecoder.swift in Sources */ = {isa = PBXBuildFile; fileRef = 571AB1133F353570AFEBD0FB /* WhisperDecoder.swift */; };
		23A218F422D6B64281F9DF5D /* MLXRandom in Frameworks */ = {isa = PBXBuildFile; productRef = 33745B1592517CCC56D466CB /* MLXRandom */; };
		275C52482F6EBF9300AF3541 /* MLXEmbedders in Frameworks */ = {isa = PBXBuildFile; productRef = 275C52472F6EBF9300AF3541 /* MLXEmbedders */; };
		275C524A2F6EBF9300AF3541 /* MLXLLM in Frameworks */ = {isa = PBXBuildFile; productRef = 275C52492F6EBF9300AF3541 /* MLXLLM */; };
		275C524C2F6EBF9300AF3541 /* MLXLMCommon in Frameworks */ = {isa = PBXBuildFile; productRef = 275C524B2F6EBF9300AF3541 /* MLXLMCommon */; };
		275C52502F6EBF9300AF3541 /* MLXVLM in Frameworks */ = {isa = PBXBuildFile; productRef = 275C524F2F6EBF9300AF3541 /* MLXVLM */; };
		275C52522F6EC6CE00AF3541 /* MLXSwiftEngine.swift in Sources */ = {isa = PBXBuildFile; fileRef = 275C52512F6EC6CE00AF3541 /* MLXSwiftEngine.swift */; };
		27B840522FCB3B7E009187A3 /* Hub in Frameworks */ = {isa = PBXBuildFile; productRef = 27B840512FCB3B7E009187A3 /* Hub */; };
		27B840542FCB3B7E009187A3 /* Tokenizers in Frameworks */ = {isa = PBXBuildFile; productRef = 27B840532FCB3B7E009187A3 /* Tokenizers */; };
		27B840562FCB3B7E009187A3 /* Transformers in Frameworks */ = {isa = PBXBuildFile; productRef = 27B840552FCB3B7E009187A3 /* Transformers */; };
		27C056A32FCFFBF4009C314C /* KokoroBridge in Embed Frameworks */ = {isa = PBXBuildFile; productRef = 27E0000000000000000000A2 /* KokoroBridge */; settings = {ATTRIBUTES = (CodeSignOnCopy, ); }; };
		27C056A52FCFFBF8009C314C /* Frameworks/GStreamer.xcframework in Frameworks */ = {isa = PBXBuildFile; fileRef = A2000020 /* Frameworks/GStreamer.xcframework */; };
		27C056A62FCFFBF8009C314C /* Frameworks/GStreamer.xcframework in Embed Frameworks */ = {isa = PBXBuildFile; fileRef = A2000020 /* Frameworks/GStreamer.xcframework */; settings = {ATTRIBUTES = (CodeSignOnCopy, RemoveHeadersOnCopy, ); }; };
		27C5A0010000000000000003 /* MLXHuggingFace in Frameworks */ = {isa = PBXBuildFile; productRef = 27C5A0010000000000000002 /* MLXHuggingFace */; };
		27C5A0010000000000000005 /* HuggingFace in Frameworks */ = {isa = PBXBuildFile; productRef = 27C5A0010000000000000004 /* HuggingFace */; };
		27E0000000000000000000A3 /* KokoroBridge in Frameworks */ = {isa = PBXBuildFile; productRef = 27E0000000000000000000A2 /* KokoroBridge */; };
		27E0000000000000000000B1 /* KokoroEngine.swift in Sources */ = {isa = PBXBuildFile; fileRef = 27E0000000000000000000B0 /* KokoroEngine.swift */; };
		27E0000000000000000000C1 /* WhisperEngineBridge.swift in Sources */ = {isa = PBXBuildFile; fileRef = 27E0000000000000000000C0 /* WhisperEngineBridge.swift */; };
		3E021B2A14CDE1919DDB0412 /* MLXNN in Frameworks */ = {isa = PBXBuildFile; productRef = AAEA1E451AB2CA1194FD1225 /* MLXNN */; };
		8B1EB5ECD7F8F14E5BEAEDAA /* MLXFast in Frameworks */ = {isa = PBXBuildFile; productRef = F7784328F624698C39AD20C2 /* MLXFast */; };
		8B59B1D0425A2020FCAF5AD9 /* WhisperModel.swift in Sources */ = {isa = PBXBuildFile; fileRef = DD7575C171E9112E6F63B7A9 /* WhisperModel.swift */; };
		90187D738F58266106C4804F /* WhisperTokenizer.swift in Sources */ = {isa = PBXBuildFile; fileRef = 0AF3E069D016DA9BCC8E2468 /* WhisperTokenizer.swift */; };
		A0000001 /* DeviceInfo.swift in Sources */ = {isa = PBXBuildFile; fileRef = A0000002 /* DeviceInfo.swift */; };
		A0000003 /* NativeDiscovery.swift in Sources */ = {isa = PBXBuildFile; fileRef = A0000004 /* NativeDiscovery.swift */; };
		A0000010 /* SensorBridge.swift in Sources */ = {isa = PBXBuildFile; fileRef = A0000011 /* SensorBridge.swift */; };
		A0000012 /* CameraEncoder.swift in Sources */ = {isa = PBXBuildFile; fileRef = A0000013 /* CameraEncoder.swift */; };
		A1000001 /* App.swift in Sources */ = {isa = PBXBuildFile; fileRef = A2000001 /* App.swift */; };
		A1000002 /* ContentView.swift in Sources */ = {isa = PBXBuildFile; fileRef = A2000002 /* ContentView.swift */; };
		A1000003 /* libtentaflow_mobile.a in Frameworks */ = {isa = PBXBuildFile; fileRef = A2000003 /* libtentaflow_mobile.a */; };
		A1000004 /* Assets.xcassets in Resources */ = {isa = PBXBuildFile; fileRef = A2000004 /* Assets.xcassets */; };
		A3000011 /* AppleTTSEngine.swift in Sources */ = {isa = PBXBuildFile; fileRef = A3000010 /* AppleTTSEngine.swift */; };
		ACDAE2B27538BDC68BD49BE7 /* WhisperEngine.swift in Sources */ = {isa = PBXBuildFile; fileRef = 6FF1F1B0AE2CC24E493179EC /* WhisperEngine.swift */; };
		D2942AA34CCC4E85F41229DE /* WhisperLoader.swift in Sources */ = {isa = PBXBuildFile; fileRef = 2E2BF368B5697E31775093F6 /* WhisperLoader.swift */; };
		D84385F8D8DC1FC7B110FD46 /* WhisperConfig.swift in Sources */ = {isa = PBXBuildFile; fileRef = AF27372E3CE0E9A08BCC3F52 /* WhisperConfig.swift */; };
		EE761ADA29EC7F9DF9F2B066 /* MLXFFT in Frameworks */ = {isa = PBXBuildFile; productRef = 6CDD0465CA0FD0D9425608F2 /* MLXFFT */; };
/* End PBXBuildFile section */

/* Begin PBXCopyFilesBuildPhase section */
		27C056A42FCFFBF4009C314C /* Embed Frameworks */ = {
			isa = PBXCopyFilesBuildPhase;
			buildActionMask = 2147483647;
			dstPath = "";
			dstSubfolderSpec = 10;
			files = (
				27C056A62FCFFBF8009C314C /* Frameworks/GStreamer.xcframework in Embed Frameworks */,
				27C056A32FCFFBF4009C314C /* KokoroBridge in Embed Frameworks */,
			);
			name = "Embed Frameworks";
			runOnlyForDeploymentPostprocessing = 0;
		};
/* End PBXCopyFilesBuildPhase section */

/* Begin PBXFileReference section */
		0AF3E069D016DA9BCC8E2468 /* WhisperTokenizer.swift */ = {isa = PBXFileReference; includeInIndex = 1; lastKnownFileType = sourcecode.swift; path = WhisperTokenizer.swift; sourceTree = "<group>"; };
		1639DC5A7CBB492B9DE5F2AD /* WhisperAudio.swift */ = {isa = PBXFileReference; includeInIndex = 1; lastKnownFileType = sourcecode.swift; path = WhisperAudio.swift; sourceTree = "<group>"; };
		275C52512F6EC6CE00AF3541 /* MLXSwiftEngine.swift */ = {isa = PBXFileReference; lastKnownFileType = sourcecode.swift; path = MLXSwiftEngine.swift; sourceTree = "<group>"; };
		27E0000000000000000000B0 /* KokoroEngine.swift */ = {isa = PBXFileReference; lastKnownFileType = sourcecode.swift; path = KokoroEngine.swift; sourceTree = "<group>"; };
		27E0000000000000000000C0 /* WhisperEngineBridge.swift */ = {isa = PBXFileReference; lastKnownFileType = sourcecode.swift; path = WhisperEngineBridge.swift; sourceTree = "<group>"; };
		2E2BF368B5697E31775093F6 /* WhisperLoader.swift */ = {isa = PBXFileReference; includeInIndex = 1; lastKnownFileType = sourcecode.swift; path = WhisperLoader.swift; sourceTree = "<group>"; };
		571AB1133F353570AFEBD0FB /* WhisperDecoder.swift */ = {isa = PBXFileReference; includeInIndex = 1; lastKnownFileType = sourcecode.swift; path = WhisperDecoder.swift; sourceTree = "<group>"; };
		6FF1F1B0AE2CC24E493179EC /* WhisperEngine.swift */ = {isa = PBXFileReference; includeInIndex = 1; lastKnownFileType = sourcecode.swift; path = WhisperEngine.swift; sourceTree = "<group>"; };
		A0000002 /* DeviceInfo.swift */ = {isa = PBXFileReference; lastKnownFileType = sourcecode.swift; path = DeviceInfo.swift; sourceTree = "<group>"; };
		A0000004 /* NativeDiscovery.swift */ = {isa = PBXFileReference; lastKnownFileType = sourcecode.swift; path = NativeDiscovery.swift; sourceTree = "<group>"; };
		A0000011 /* SensorBridge.swift */ = {isa = PBXFileReference; lastKnownFileType = sourcecode.swift; path = SensorBridge.swift; sourceTree = "<group>"; };
		A0000013 /* CameraEncoder.swift */ = {isa = PBXFileReference; lastKnownFileType = sourcecode.swift; path = CameraEncoder.swift; sourceTree = "<group>"; };
		A2000001 /* App.swift */ = {isa = PBXFileReference; lastKnownFileType = sourcecode.swift; path = App.swift; sourceTree = "<group>"; };
		A2000002 /* ContentView.swift */ = {isa = PBXFileReference; lastKnownFileType = sourcecode.swift; path = ContentView.swift; sourceTree = "<group>"; };
		A2000003 /* libtentaflow_mobile.a */ = {isa = PBXFileReference; lastKnownFileType = archive.ar; path = libtentaflow_mobile.a; sourceTree = "<group>"; };
		A2000004 /* Assets.xcassets */ = {isa = PBXFileReference; lastKnownFileType = folder.assetcatalog; path = Assets.xcassets; sourceTree = "<group>"; };
		A2000005 /* Info.plist */ = {isa = PBXFileReference; lastKnownFileType = text.plist.xml; path = Info.plist; sourceTree = "<group>"; };
		A2000006 /* TentaFlowAI-Bridging-Header.h */ = {isa = PBXFileReference; lastKnownFileType = sourcecode.c.h; path = "TentaFlowAI-Bridging-Header.h"; sourceTree = "<group>"; };
		A2000010 /* TentaFlowAI.app */ = {isa = PBXFileReference; explicitFileType = wrapper.application; includeInIndex = 0; path = TentaFlowAI.app; sourceTree = BUILT_PRODUCTS_DIR; };
		A2000020 /* Frameworks/GStreamer.xcframework */ = {isa = PBXFileReference; lastKnownFileType = wrapper.xcframework; path = Frameworks/GStreamer.xcframework; sourceTree = "<group>"; };
		A3000010 /* AppleTTSEngine.swift */ = {isa = PBXFileReference; lastKnownFileType = sourcecode.swift; path = AppleTTSEngine.swift; sourceTree = "<group>"; };
		AF27372E3CE0E9A08BCC3F52 /* WhisperConfig.swift */ = {isa = PBXFileReference; includeInIndex = 1; lastKnownFileType = sourcecode.swift; path = WhisperConfig.swift; sourceTree = "<group>"; };
		DD7575C171E9112E6F63B7A9 /* WhisperModel.swift */ = {isa = PBXFileReference; includeInIndex = 1; lastKnownFileType = sourcecode.swift; path = WhisperModel.swift; sourceTree = "<group>"; };
/* End PBXFileReference section */

/* Begin PBXFrameworksBuildPhase section */
		A3000001 /* Frameworks */ = {
			isa = PBXFrameworksBuildPhase;
			buildActionMask = 2147483647;
			files = (
				27B840562FCB3B7E009187A3 /* Transformers in Frameworks */,
				275C524A2F6EBF9300AF3541 /* MLXLLM in Frameworks */,
				27C056A52FCFFBF8009C314C /* Frameworks/GStreamer.xcframework in Frameworks */,
				275C52502F6EBF9300AF3541 /* MLXVLM in Frameworks */,
				27B840542FCB3B7E009187A3 /* Tokenizers in Frameworks */,
				275C52482F6EBF9300AF3541 /* MLXEmbedders in Frameworks */,
				275C524C2F6EBF9300AF3541 /* MLXLMCommon in Frameworks */,
				A1000003 /* libtentaflow_mobile.a in Frameworks */,
				27E0000000000000000000A3 /* KokoroBridge in Frameworks */,
				27B840522FCB3B7E009187A3 /* Hub in Frameworks */,
				27C5A0010000000000000003 /* MLXHuggingFace in Frameworks */,
				27C5A0010000000000000005 /* HuggingFace in Frameworks */,
				3E021B2A14CDE1919DDB0412 /* MLXNN in Frameworks */,
				EE761ADA29EC7F9DF9F2B066 /* MLXFFT in Frameworks */,
				8B1EB5ECD7F8F14E5BEAEDAA /* MLXFast in Frameworks */,
				23A218F422D6B64281F9DF5D /* MLXRandom in Frameworks */,
			);
			runOnlyForDeploymentPostprocessing = 0;
		};
/* End PBXFrameworksBuildPhase section */

/* Begin PBXGroup section */
		A4000001 = {
			isa = PBXGroup;
			children = (
				A4000002 /* TentaFlowAI */,
				A4000003 /* Products */,
				A4000004 /* Frameworks */,
			);
			sourceTree = "<group>";
		};
		A4000002 /* TentaFlowAI */ = {
			isa = PBXGroup;
			children = (
				275C52512F6EC6CE00AF3541 /* MLXSwiftEngine.swift */,
				A3000010 /* AppleTTSEngine.swift */,
				27E0000000000000000000B0 /* KokoroEngine.swift */,
				27E0000000000000000000C0 /* WhisperEngineBridge.swift */,
				A0000002 /* DeviceInfo.swift */,
				A0000004 /* NativeDiscovery.swift */,
				A0000011 /* SensorBridge.swift */,
				A0000013 /* CameraEncoder.swift */,
				A2000001 /* App.swift */,
				A2000002 /* ContentView.swift */,
				A2000004 /* Assets.xcassets */,
				A2000005 /* Info.plist */,
				A2000006 /* TentaFlowAI-Bridging-Header.h */,
				EBE3A1DEF5510D79FEEB7552 /* Whisper */,
			);
			path = TentaFlowAI;
			sourceTree = "<group>";
		};
		A4000003 /* Products */ = {
			isa = PBXGroup;
			children = (
				A2000010 /* TentaFlowAI.app */,
			);
			name = Products;
			sourceTree = "<group>";
		};
		A4000004 /* Frameworks */ = {
			isa = PBXGroup;
			children = (
				A2000003 /* libtentaflow_mobile.a */,
				A2000020 /* Frameworks/GStreamer.xcframework */,
			);
			name = Frameworks;
			sourceTree = "<group>";
		};
		EBE3A1DEF5510D79FEEB7552 /* Whisper */ = {
			isa = PBXGroup;
			children = (
				AF27372E3CE0E9A08BCC3F52 /* WhisperConfig.swift */,
				DD7575C171E9112E6F63B7A9 /* WhisperModel.swift */,
				2E2BF368B5697E31775093F6 /* WhisperLoader.swift */,
				1639DC5A7CBB492B9DE5F2AD /* WhisperAudio.swift */,
				0AF3E069D016DA9BCC8E2468 /* WhisperTokenizer.swift */,
				571AB1133F353570AFEBD0FB /* WhisperDecoder.swift */,
				6FF1F1B0AE2CC24E493179EC /* WhisperEngine.swift */,
			);
			path = Whisper;
			sourceTree = "<group>";
		};
/* End PBXGroup section */

/* Begin PBXNativeTarget section */
		A5000001 /* TentaFlowAI */ = {
			isa = PBXNativeTarget;
			buildConfigurationList = A7000001 /* Build configuration list for PBXNativeTarget "TentaFlowAI" */;
			buildPhases = (
				A8000001 /* Sources */,
				A3000001 /* Frameworks */,
				A9000001 /* Resources */,
				27C056A42FCFFBF4009C314C /* Embed Frameworks */,
			);
			buildRules = (
			);
			dependencies = (
			);
			name = TentaFlowAI;
			packageProductDependencies = (
				27E0000000000000000000A2 /* KokoroBridge */,
				AAEA1E451AB2CA1194FD1225 /* MLXNN */,
				6CDD0465CA0FD0D9425608F2 /* MLXFFT */,
				F7784328F624698C39AD20C2 /* MLXFast */,
				33745B1592517CCC56D466CB /* MLXRandom */,
				27B840512FCB3B7E009187A3 /* Hub */,
				27B840532FCB3B7E009187A3 /* Tokenizers */,
				27B840552FCB3B7E009187A3 /* Transformers */,
			);
			productName = TentaFlowAI;
			productReference = A2000010 /* TentaFlowAI.app */;
			productType = "com.apple.product-type.application";
		};
/* End PBXNativeTarget section */

/* Begin PBXProject section */
		A6000001 /* Project object */ = {
			isa = PBXProject;
			attributes = {
				BuildIndependentTargetsInParallel = 1;
				LastSwiftUpdateCheck = 1540;
				LastUpgradeCheck = 1540;
			};
			buildConfigurationList = A7000002 /* Build configuration list for PBXProject "TentaFlowAI" */;
			compatibilityVersion = "Xcode 14.0";
			developmentRegion = en;
			hasScannedForEncodings = 0;
			knownRegions = (
				en,
				Base,
				pl,
			);
			mainGroup = A4000001;
			packageReferences = (
				27E0000000000000000000A1 /* XCLocalSwiftPackageReference "../../tentaflow-desktop/macos/swift/KokoroBridge" */,
				27B8404E2FCB3B32009187A3 /* XCRemoteSwiftPackageReference "mlx-swift-lm" */,
				27C5A0010000000000000001 /* XCRemoteSwiftPackageReference "mlx-swift" */,
				27B8404F2FCB3B5D009187A3 /* XCRemoteSwiftPackageReference "swift-huggingface" */,
				27B840502FCB3B7E009187A3 /* XCRemoteSwiftPackageReference "swift-transformers" */,
			);
			productRefGroup = A4000003 /* Products */;
			projectDirPath = "";
			projectRoot = "";
			targets = (
				A5000001 /* TentaFlowAI */,
			);
		};
/* End PBXProject section */

/* Begin PBXResourcesBuildPhase section */
		A9000001 /* Resources */ = {
			isa = PBXResourcesBuildPhase;
			buildActionMask = 2147483647;
			files = (
				A1000004 /* Assets.xcassets in Resources */,
			);
			runOnlyForDeploymentPostprocessing = 0;
		};
/* End PBXResourcesBuildPhase section */

/* Begin PBXSourcesBuildPhase section */
		A8000001 /* Sources */ = {
			isa = PBXSourcesBuildPhase;
			buildActionMask = 2147483647;
			files = (
				A0000001 /* DeviceInfo.swift in Sources */,
				A0000003 /* NativeDiscovery.swift in Sources */,
				A0000010 /* SensorBridge.swift in Sources */,
				A0000012 /* CameraEncoder.swift in Sources */,
				A1000001 /* App.swift in Sources */,
				275C52522F6EC6CE00AF3541 /* MLXSwiftEngine.swift in Sources */,
				A3000011 /* AppleTTSEngine.swift in Sources */,
				27E0000000000000000000B1 /* KokoroEngine.swift in Sources */,
				27E0000000000000000000C1 /* WhisperEngineBridge.swift in Sources */,
				A1000002 /* ContentView.swift in Sources */,
				D84385F8D8DC1FC7B110FD46 /* WhisperConfig.swift in Sources */,
				8B59B1D0425A2020FCAF5AD9 /* WhisperModel.swift in Sources */,
				D2942AA34CCC4E85F41229DE /* WhisperLoader.swift in Sources */,
				15411774C6A85B958F8E8203 /* WhisperAudio.swift in Sources */,
				90187D738F58266106C4804F /* WhisperTokenizer.swift in Sources */,
				21FC5E44642C4756703D9C90 /* WhisperDecoder.swift in Sources */,
				ACDAE2B27538BDC68BD49BE7 /* WhisperEngine.swift in Sources */,
			);
			runOnlyForDeploymentPostprocessing = 0;
		};
/* End PBXSourcesBuildPhase section */

/* Begin XCBuildConfiguration section */
		AB000001 /* Debug */ = {
			isa = XCBuildConfiguration;
			buildSettings = {
				ASSETCATALOG_COMPILER_APPICON_NAME = AppIcon;
				CODE_SIGN_STYLE = Automatic;
				CURRENT_PROJECT_VERSION = 1;
				DEVELOPMENT_TEAM = KZXD4ZWQ85;
				FRAMEWORK_SEARCH_PATHS = (
					"$(inherited)",
					"$(PROJECT_DIR)/Frameworks",
				);
				GENERATE_INFOPLIST_FILE = NO;
				INFOPLIST_FILE = TentaFlowAI/Info.plist;
				IPHONEOS_DEPLOYMENT_TARGET = 18.0;
				LD_RUNPATH_SEARCH_PATHS = (
					"$(inherited)",
					"@executable_path/Frameworks",
				);
				LIBRARY_SEARCH_PATHS = (
					"$(PROJECT_DIR)",
					"$(PROJECT_DIR)/../target/aarch64-apple-ios/debug",
					"$(PROJECT_DIR)/../target/aarch64-apple-ios/release",
					"$(TOOLCHAIN_DIR)/usr/lib/clang/21/lib/darwin",
					"$(PROJECT_DIR)/../../tentaflow-zvec-sys/vendor/lib/ios-arm64",
				);
				MARKETING_VERSION = 0.1.0;
				OTHER_LDFLAGS = (
					"-ltentaflow_mobile",
					"-Wl,-force_load,$(PROJECT_DIR)/../../tentaflow-zvec-sys/vendor/lib/ios-arm64/libzvec_c_api.a",
					"-lzvec_deps",
					"-lc++",
					"-ObjC",
					"-lresolv",
					"-liconv",
					"-framework",
					AssetsLibrary,
					"-framework",
					Metal,
					"-framework",
					MetalKit,
					"-framework",
					MetalPerformanceShaders,
					"-framework",
					Accelerate,
					"-framework",
					CoreML,
					"-framework",
					Security,
					"-framework",
					SystemConfiguration,
					/Applications/Xcode.app/Contents/Developer/Toolchains/XcodeDefault.xctoolchain/usr/lib/clang/21/lib/darwin/libclang_rt.ios.a,
				);
				PRODUCT_BUNDLE_IDENTIFIER = ai.tentaflow.mobile;
				PRODUCT_NAME = "$(TARGET_NAME)";
				SUPPORTED_PLATFORMS = "iphoneos iphonesimulator";
				SWIFT_OBJC_BRIDGING_HEADER = "TentaFlowAI/TentaFlowAI-Bridging-Header.h";
				SWIFT_VERSION = 5.0;
				TARGETED_DEVICE_FAMILY = "1,2";
			};
			name = Debug;
		};
		AB000002 /* Release */ = {
			isa = XCBuildConfiguration;
			buildSettings = {
				ASSETCATALOG_COMPILER_APPICON_NAME = AppIcon;
				CODE_SIGN_STYLE = Automatic;
				CURRENT_PROJECT_VERSION = 1;
				DEVELOPMENT_TEAM = KZXD4ZWQ85;
				FRAMEWORK_SEARCH_PATHS = (
					"$(inherited)",
					"$(PROJECT_DIR)/Frameworks",
				);
				GENERATE_INFOPLIST_FILE = NO;
				INFOPLIST_FILE = TentaFlowAI/Info.plist;
				IPHONEOS_DEPLOYMENT_TARGET = 18.0;
				LD_RUNPATH_SEARCH_PATHS = (
					"$(inherited)",
					"@executable_path/Frameworks",
				);
				LIBRARY_SEARCH_PATHS = (
					"$(PROJECT_DIR)",
					"$(PROJECT_DIR)/../target/aarch64-apple-ios/debug",
					"$(PROJECT_DIR)/../target/aarch64-apple-ios/release",
					"$(TOOLCHAIN_DIR)/usr/lib/clang/21/lib/darwin",
					"$(PROJECT_DIR)/../../tentaflow-zvec-sys/vendor/lib/ios-arm64",
				);
				MARKETING_VERSION = 0.1.0;
				OTHER_LDFLAGS = (
					"-ltentaflow_mobile",
					"-Wl,-force_load,$(PROJECT_DIR)/../../tentaflow-zvec-sys/vendor/lib/ios-arm64/libzvec_c_api.a",
					"-lzvec_deps",
					"-lc++",
					"-ObjC",
					"-lresolv",
					"-liconv",
					"-framework",
					AssetsLibrary,
					"-framework",
					Metal,
					"-framework",
					MetalKit,
					"-framework",
					MetalPerformanceShaders,
					"-framework",
					Accelerate,
					"-framework",
					CoreML,
					"-framework",
					Security,
					"-framework",
					SystemConfiguration,
					/Applications/Xcode.app/Contents/Developer/Toolchains/XcodeDefault.xctoolchain/usr/lib/clang/21/lib/darwin/libclang_rt.ios.a,
				);
				PRODUCT_BUNDLE_IDENTIFIER = ai.tentaflow.mobile;
				PRODUCT_NAME = "$(TARGET_NAME)";
				SUPPORTED_PLATFORMS = "iphoneos iphonesimulator";
				SWIFT_OBJC_BRIDGING_HEADER = "TentaFlowAI/TentaFlowAI-Bridging-Header.h";
				SWIFT_VERSION = 5.0;
				TARGETED_DEVICE_FAMILY = "1,2";
			};
			name = Release;
		};
		AC000001 /* Debug */ = {
			isa = XCBuildConfiguration;
			buildSettings = {
				ALWAYS_SEARCH_USER_PATHS = NO;
				CLANG_ANALYZER_NONNULL = YES;
				CLANG_CXX_LANGUAGE_STANDARD = "gnu++20";
				CLANG_ENABLE_MODULES = YES;
				CLANG_ENABLE_OBJC_ARC = YES;
				CODE_SIGN_STYLE = Automatic;
				COPY_PHASE_STRIP = NO;
				DEBUG_INFORMATION_FORMAT = dwarf;
				ENABLE_STRICT_OBJC_MSGSEND = YES;
				GCC_OPTIMIZATION_LEVEL = 0;
				GCC_WARN_UNINITIALIZED_AUTOS = YES;
				IPHONEOS_DEPLOYMENT_TARGET = 18.0;
				MTL_ENABLE_DEBUG_INFO = INCLUDE_SOURCE;
				ONLY_ACTIVE_ARCH = YES;
				SDKROOT = iphoneos;
				SWIFT_ACTIVE_COMPILATION_CONDITIONS = DEBUG;
				SWIFT_OPTIMIZATION_LEVEL = "-Onone";
			};
			name = Debug;
		};
		AC000002 /* Release */ = {
			isa = XCBuildConfiguration;
			buildSettings = {
				ALWAYS_SEARCH_USER_PATHS = NO;
				CLANG_ANALYZER_NONNULL = YES;
				CLANG_CXX_LANGUAGE_STANDARD = "gnu++20";
				CLANG_ENABLE_MODULES = YES;
				CLANG_ENABLE_OBJC_ARC = YES;
				CODE_SIGN_STYLE = Automatic;
				COPY_PHASE_STRIP = NO;
				DEBUG_INFORMATION_FORMAT = "dwarf-with-dsym";
				ENABLE_NS_ASSERTIONS = NO;
				ENABLE_STRICT_OBJC_MSGSEND = YES;
				GCC_WARN_UNINITIALIZED_AUTOS = YES;
				IPHONEOS_DEPLOYMENT_TARGET = 18.0;
				MTL_ENABLE_DEBUG_INFO = NO;
				SDKROOT = iphoneos;
				SWIFT_COMPILATION_MODE = wholemodule;
				SWIFT_OPTIMIZATION_LEVEL = "-O";
				VALIDATE_PRODUCT = YES;
			};
			name = Release;
		};
/* End XCBuildConfiguration section */

/* Begin XCConfigurationList section */
		A7000001 /* Build configuration list for PBXNativeTarget "TentaFlowAI" */ = {
			isa = XCConfigurationList;
			buildConfigurations = (
				AB000001 /* Debug */,
				AB000002 /* Release */,
			);
			defaultConfigurationIsVisible = 0;
			defaultConfigurationName = Release;
		};
		A7000002 /* Build configuration list for PBXProject "TentaFlowAI" */ = {
			isa = XCConfigurationList;
			buildConfigurations = (
				AC000001 /* Debug */,
				AC000002 /* Release */,
			);
			defaultConfigurationIsVisible = 0;
			defaultConfigurationName = Release;
		};
/* End XCConfigurationList section */

/* Begin XCLocalSwiftPackageReference section */
		27E0000000000000000000A1 /* XCLocalSwiftPackageReference "../../tentaflow-desktop/macos/swift/KokoroBridge" */ = {
			isa = XCLocalSwiftPackageReference;
			relativePath = "../../tentaflow-desktop/macos/swift/KokoroBridge";
		};
/* End XCLocalSwiftPackageReference section */

/* Begin XCRemoteSwiftPackageReference section */
		27B8404E2FCB3B32009187A3 /* XCRemoteSwiftPackageReference "mlx-swift-lm" */ = {
			isa = XCRemoteSwiftPackageReference;
			repositoryURL = "https://github.com/ml-explore/mlx-swift-lm";
			requirement = {
				kind = upToNextMajorVersion;
				minimumVersion = 3.31.3;
			};
		};
		27B8404F2FCB3B5D009187A3 /* XCRemoteSwiftPackageReference "swift-huggingface" */ = {
			isa = XCRemoteSwiftPackageReference;
			repositoryURL = "https://github.com/huggingface/swift-huggingface";
			requirement = {
				kind = upToNextMajorVersion;
				minimumVersion = 0.9.0;
			};
		};
		27B840502FCB3B7E009187A3 /* XCRemoteSwiftPackageReference "swift-transformers" */ = {
			isa = XCRemoteSwiftPackageReference;
			repositoryURL = "https://github.com/huggingface/swift-transformers";
			requirement = {
				kind = upToNextMajorVersion;
				minimumVersion = 1.3.3;
			};
		};
		27C5A0010000000000000001 /* XCRemoteSwiftPackageReference "mlx-swift" */ = {
			isa = XCRemoteSwiftPackageReference;
			repositoryURL = "https://github.com/PrismML-Eng/mlx-swift";
			requirement = {
				kind = revision;
				revision = 151184940bdf97c9117ec851b50d404b33d9474f;
			};
		};
/* End XCRemoteSwiftPackageReference section */

/* Begin XCSwiftPackageProductDependency section */
		275C52472F6EBF9300AF3541 /* MLXEmbedders */ = {
			isa = XCSwiftPackageProductDependency;
			package = 27B8404E2FCB3B32009187A3 /* XCRemoteSwiftPackageReference "mlx-swift-lm" */;
			productName = MLXEmbedders;
		};
		275C52492F6EBF9300AF3541 /* MLXLLM */ = {
			isa = XCSwiftPackageProductDependency;
			package = 27B8404E2FCB3B32009187A3 /* XCRemoteSwiftPackageReference "mlx-swift-lm" */;
			productName = MLXLLM;
		};
		275C524B2F6EBF9300AF3541 /* MLXLMCommon */ = {
			isa = XCSwiftPackageProductDependency;
			package = 27B8404E2FCB3B32009187A3 /* XCRemoteSwiftPackageReference "mlx-swift-lm" */;
			productName = MLXLMCommon;
		};
		275C524F2F6EBF9300AF3541 /* MLXVLM */ = {
			isa = XCSwiftPackageProductDependency;
			package = 27B8404E2FCB3B32009187A3 /* XCRemoteSwiftPackageReference "mlx-swift-lm" */;
			productName = MLXVLM;
		};
		27B840512FCB3B7E009187A3 /* Hub */ = {
			isa = XCSwiftPackageProductDependency;
			package = 27B840502FCB3B7E009187A3 /* XCRemoteSwiftPackageReference "swift-transformers" */;
			productName = Hub;
		};
		27B840532FCB3B7E009187A3 /* Tokenizers */ = {
			isa = XCSwiftPackageProductDependency;
			package = 27B840502FCB3B7E009187A3 /* XCRemoteSwiftPackageReference "swift-transformers" */;
			productName = Tokenizers;
		};
		27B840552FCB3B7E009187A3 /* Transformers */ = {
			isa = XCSwiftPackageProductDependency;
			package = 27B840502FCB3B7E009187A3 /* XCRemoteSwiftPackageReference "swift-transformers" */;
			productName = Transformers;
		};
		27C5A0010000000000000002 /* MLXHuggingFace */ = {
			isa = XCSwiftPackageProductDependency;
			package = 27B8404E2FCB3B32009187A3 /* XCRemoteSwiftPackageReference "mlx-swift-lm" */;
			productName = MLXHuggingFace;
		};
		27C5A0010000000000000004 /* HuggingFace */ = {
			isa = XCSwiftPackageProductDependency;
			package = 27B8404F2FCB3B5D009187A3 /* XCRemoteSwiftPackageReference "swift-huggingface" */;
			productName = HuggingFace;
		};
		27E0000000000000000000A2 /* KokoroBridge */ = {
			isa = XCSwiftPackageProductDependency;
			package = 27E0000000000000000000A1 /* XCLocalSwiftPackageReference "../../tentaflow-desktop/macos/swift/KokoroBridge" */;
			productName = KokoroBridge;
		};
		33745B1592517CCC56D466CB /* MLXRandom */ = {
			isa = XCSwiftPackageProductDependency;
			package = 27C5A0010000000000000001 /* XCRemoteSwiftPackageReference "mlx-swift" */;
			productName = MLXRandom;
		};
		6CDD0465CA0FD0D9425608F2 /* MLXFFT */ = {
			isa = XCSwiftPackageProductDependency;
			package = 27C5A0010000000000000001 /* XCRemoteSwiftPackageReference "mlx-swift" */;
			productName = MLXFFT;
		};
		AAEA1E451AB2CA1194FD1225 /* MLXNN */ = {
			isa = XCSwiftPackageProductDependency;
			package = 27C5A0010000000000000001 /* XCRemoteSwiftPackageReference "mlx-swift" */;
			productName = MLXNN;
		};
		F7784328F624698C39AD20C2 /* MLXFast */ = {
			isa = XCSwiftPackageProductDependency;
			package = 27C5A0010000000000000001 /* XCRemoteSwiftPackageReference "mlx-swift" */;
			productName = MLXFast;
		};
/* End XCSwiftPackageProductDependency section */
	};
	rootObject = A6000001 /* Project object */;
}
